// !$*UTF8*$!
{
	archiveVersion = 1;
	classes = {
	};
	objectVersion = 55;
	objects = {

/* Begin PBXBuildFile section */
		9EA1586328467F720005A3FC /* Tests_iOS.swift in Sources */ = {isa = PBXBuildFile; fileRef = 9EA1586228467F720005A3FC /* Tests_iOS.swift */; };
		9EA1586528467F720005A3FC /* Tests_iOSLaunchTests.swift in Sources */ = {isa = PBXBuildFile; fileRef = 9EA1586428467F720005A3FC /* Tests_iOSLaunchTests.swift */; };
		9EA1586F28467F720005A3FC /* Tests_macOS.swift in Sources */ = {isa = PBXBuildFile; fileRef = 9EA1586E28467F720005A3FC /* Tests_macOS.swift */; };
		9EA1587128467F720005A3FC /* Tests_macOSLaunchTests.swift in Sources */ = {isa = PBXBuildFile; fileRef = 9EA1587028467F720005A3FC /* Tests_macOSLaunchTests.swift */; };
		9EA1587228467F720005A3FC /* StocksAppV2App.swift in Sources */ = {isa = PBXBuildFile; fileRef = 9EA1584A28467F710005A3FC /* StocksAppV2App.swift */; };
		9EA1587328467F720005A3FC /* StocksAppV2App.swift in Sources */ = {isa = PBXBuildFile; fileRef = 9EA1584A28467F710005A3FC /* StocksAppV2App.swift */; };
		9EA1587428467F720005A3FC /* ContentView.swift in Sources */ = {isa = PBXBuildFile; fileRef = 9EA1584B28467F710005A3FC /* ContentView.swift */; };
		9EA1587528467F720005A3FC /* ContentView.swift in Sources */ = {isa = PBXBuildFile; fileRef = 9EA1584B28467F710005A3FC /* ContentView.swift */; };
		9EA1587628467F720005A3FC /* Assets.xcassets in Resources */ = {isa = PBXBuildFile; fileRef = 9EA1584C28467F720005A3FC /* Assets.xcassets */; };
		9EA1587728467F720005A3FC /* Assets.xcassets in Resources */ = {isa = PBXBuildFile; fileRef = 9EA1584C28467F720005A3FC /* Assets.xcassets */; };
		9EA1588F284680590005A3FC /* MockNewsDownloadManager.swift in Sources */ = {isa = PBXBuildFile; fileRef = 9EA1588E284680590005A3FC /* MockNewsDownloadManager.swift */; };
		9EA15891284680600005A3FC /* NewsDownloadManager.swift in Sources */ = {isa = PBXBuildFile; fileRef = 9EA15890284680600005A3FC /* NewsDownloadManager.swift */; };
		9EA158952846806C0005A3FC /* NewsAPI.swift in Sources */ = {isa = PBXBuildFile; fileRef = 9EA158922846806C0005A3FC /* NewsAPI.swift */; };
		9EA158962846806D0005A3FC /* News.swift in Sources */ = {isa = PBXBuildFile; fileRef = 9EA158932846806C0005A3FC /* News.swift */; };
		9EA158972846806D0005A3FC /* NewsResponse.swift in Sources */ = {isa = PBXBuildFile; fileRef = 9EA158942846806C0005A3FC /* NewsResponse.swift */; };
		9EA1589C2846807A0005A3FC /* NewsListView.swift in Sources */ = {isa = PBXBuildFile; fileRef = 9EA158982846807A0005A3FC /* NewsListView.swift */; };
		9EA1589D2846807A0005A3FC /* BottomSheetView.swift in Sources */ = {isa = PBXBuildFile; fileRef = 9EA158992846807A0005A3FC /* BottomSheetView.swift */; };
		9EA1589E2846807A0005A3FC /* NewsHeaderView.swift in Sources */ = {isa = PBXBuildFile; fileRef = 9EA1589A2846807A0005A3FC /* NewsHeaderView.swift */; };
		9EA1589F2846807A0005A3FC /* NewsSheetView.swift in Sources */ = {isa = PBXBuildFile; fileRef = 9EA1589B2846807A0005A3FC /* NewsSheetView.swift */; };
		9EA158A7284680C20005A3FC /* MockQuoteManager.swift in Sources */ = {isa = PBXBuildFile; fileRef = 9EA158A3284680C20005A3FC /* MockQuoteManager.swift */; };
		9EA158A8284680C20005A3FC /* API.swift in Sources */ = {isa = PBXBuildFile; fileRef = 9EA158A4284680C20005A3FC /* API.swift */; };
		9EA158A9284680C20005A3FC /* QuoteManagerProtocol.swift in Sources */ = {isa = PBXBuildFile; fileRef = 9EA158A5284680C20005A3FC /* QuoteManagerProtocol.swift */; };
		9EA158AA284680C20005A3FC /* StockQuoteManager.swift in Sources */ = {isa = PBXBuildFile; fileRef = 9EA158A6284680C20005A3FC /* StockQuoteManager.swift */; };
		9EA158AD284680CC0005A3FC /* Quote.swift in Sources */ = {isa = PBXBuildFile; fileRef = 9EA158AB284680CC0005A3FC /* Quote.swift */; };
		9EA158AE284680CC0005A3FC /* GlobalQuote.swift in Sources */ = {isa = PBXBuildFile; fileRef = 9EA158AC284680CC0005A3FC /* GlobalQuote.swift */; };
		9EA158B4284680E90005A3FC /* HeaderView.swift in Sources */ = {isa = PBXBuildFile; fileRef = 9EA158B0284680E80005A3FC /* HeaderView.swift */; };
		9EA158B5284680E90005A3FC /* MiniQuoteView.swift in Sources */ = {isa = PBXBuildFile; fileRef = 9EA158B1284680E80005A3FC /* MiniQuoteView.swift */; };
		9EA158B6284680E90005A3FC /* QuoteCell.swift in Sources */ = {isa = PBXBuildFile; fileRef = 9EA158B2284680E90005A3FC /* QuoteCell.swift */; };
		9EA158B7284680E90005A3FC /* SearchTextView.swift in Sources */ = {isa = PBXBuildFile; fileRef = 9EA158B3284680E90005A3FC /* SearchTextView.swift */; };
		9EA158BB2846811C0005A3FC /* SearchManager.swift in Sources */ = {isa = PBXBuildFile; fileRef = 9EA158BA2846811C0005A3FC /* SearchManager.swift */; };
		9EA158BE284681250005A3FC /* Search.swift in Sources */ = {isa = PBXBuildFile; fileRef = 9EA158BC284681250005A3FC /* Search.swift */; };
		9EA158BF284681250005A3FC /* SearchResponse.swift in Sources */ = {isa = PBXBuildFile; fileRef = 9EA158BD284681250005A3FC /* SearchResponse.swift */; };
		9EA158C12846812D0005A3FC /* SearchView.swift in Sources */ = {isa = PBXBuildFile; fileRef = 9EA158C02846812D0005A3FC /* SearchView.swift */; };
		9EA158C6284681500005A3FC /* UserDefaultsManager.swift in Sources */ = {isa = PBXBuildFile; fileRef = 9EA158C2284681500005A3FC /* UserDefaultsManager.swift */; };
		9EA158C7284681500005A3FC /* CustomTextField.swift in Sources */ = {isa = PBXBuildFile; fileRef = 9EA158C3284681500005A3FC /* CustomTextField.swift */; };
		9EA158C8284681500005A3FC /* NetworkManager.swift in Sources */ = {isa = PBXBuildFile; fileRef = 9EA158C4284681500005A3FC /* NetworkManager.swift */; };
		9EA158C9284681500005A3FC /* Array+Extensions.swift in Sources */ = {isa = PBXBuildFile; fileRef = 9EA158C5284681500005A3FC /* Array+Extensions.swift */; };
		9EA158CE284681590005A3FC /* ImageCacheKey.swift in Sources */ = {isa = PBXBuildFile; fileRef = 9EA158CA284681590005A3FC /* ImageCacheKey.swift */; };
		9EA158CF284681590005A3FC /* ImageLoader.swift in Sources */ = {isa = PBXBuildFile; fileRef = 9EA158CB284681590005A3FC /* ImageLoader.swift */; };
		9EA158D0284681590005A3FC /* ImageCache.swift in Sources */ = {isa = PBXBuildFile; fileRef = 9EA158CC284681590005A3FC /* ImageCache.swift */; };
		9EA158D1284681590005A3FC /* AsyncImage.swift in Sources */ = {isa = PBXBuildFile; fileRef = 9EA158CD284681590005A3FC /* AsyncImage.swift */; };
		9EA158D42846822E0005A3FC /* BetterSafariView in Frameworks */ = {isa = PBXBuildFile; productRef = 9EA158D32846822E0005A3FC /* BetterSafariView */; };
/* End PBXBuildFile section */

/* Begin PBXContainerItemProxy section */
		9EA1585F28467F720005A3FC /* PBXContainerItemProxy */ = {
			isa = PBXContainerItemProxy;
			containerPortal = 9EA1584528467F710005A3FC /* Project object */;
			proxyType = 1;
			remoteGlobalIDString = 9EA1585028467F720005A3FC;
			remoteInfo = "StocksAppV2 (iOS)";
		};
		9EA1586B28467F720005A3FC /* PBXContainerItemProxy */ = {
			isa = PBXContainerItemProxy;
			containerPortal = 9EA1584528467F710005A3FC /* Project object */;
			proxyType = 1;
			remoteGlobalIDString = 9EA1585628467F720005A3FC;
			remoteInfo = "StocksAppV2 (macOS)";
		};
/* End PBXContainerItemProxy section */

/* Begin PBXFileReference section */
		9EA1584A28467F710005A3FC /* StocksAppV2App.swift */ = {isa = PBXFileReference; lastKnownFileType = sourcecode.swift; path = StocksAppV2App.swift; sourceTree = "<group>"; };
		9EA1584B28467F710005A3FC /* ContentView.swift */ = {isa = PBXFileReference; lastKnownFileType = sourcecode.swift; path = ContentView.swift; sourceTree = "<group>"; };
		9EA1584C28467F720005A3FC /* Assets.xcassets */ = {isa = PBXFileReference; lastKnownFileType = folder.assetcatalog; path = Assets.xcassets; sourceTree = "<group>"; };
		9EA1585128467F720005A3FC /* StocksAppV2.app */ = {isa = PBXFileReference; explicitFileType = wrapper.application; includeInIndex = 0; path = StocksAppV2.app; sourceTree = BUILT_PRODUCTS_DIR; };
		9EA1585728467F720005A3FC /* StocksAppV2.app */ = {isa = PBXFileReference; explicitFileType = wrapper.application; includeInIndex = 0; path = StocksAppV2.app; sourceTree = BUILT_PRODUCTS_DIR; };
		9EA1585928467F720005A3FC /* macOS.entitlements */ = {isa = PBXFileReference; lastKnownFileType = text.plist.entitlements; path = macOS.entitlements; sourceTree = "<group>"; };
		9EA1585E28467F720005A3FC /* Tests iOS.xctest */ = {isa = PBXFileReference; explicitFileType = wrapper.cfbundle; includeInIndex = 0; path = "Tests iOS.xctest"; sourceTree = BUILT_PRODUCTS_DIR; };
		9EA1586228467F720005A3FC /* Tests_iOS.swift */ = {isa = PBXFileReference; lastKnownFileType = sourcecode.swift; path = Tests_iOS.swift; sourceTree = "<group>"; };
		9EA1586428467F720005A3FC /* Tests_iOSLaunchTests.swift */ = {isa = PBXFileReference; lastKnownFileType = sourcecode.swift; path = Tests_iOSLaunchTests.swift; sourceTree = "<group>"; };
		9EA1586A28467F720005A3FC /* Tests macOS.xctest */ = {isa = PBXFileReference; explicitFileType = wrapper.cfbundle; includeInIndex = 0; path = "Tests macOS.xctest"; sourceTree = BUILT_PRODUCTS_DIR; };
		9EA1586E28467F720005A3FC /* Tests_macOS.swift */ = {isa = PBXFileReference; lastKnownFileType = sourcecode.swift; path = Tests_macOS.swift; sourceTree = "<group>"; };
		9EA1587028467F720005A3FC /* Tests_macOSLaunchTests.swift */ = {isa = PBXFileReference; lastKnownFileType = sourcecode.swift; path = Tests_macOSLaunchTests.swift; sourceTree = "<group>"; };
		9EA1588E284680590005A3FC /* MockNewsDownloadManager.swift */ = {isa = PBXFileReference; fileEncoding = 4; lastKnownFileType = sourcecode.swift; path = MockNewsDownloadManager.swift; sourceTree = "<group>"; };
		9EA15890284680600005A3FC /* NewsDownloadManager.swift */ = {isa = PBXFileReference; fileEncoding = 4; lastKnownFileType = sourcecode.swift; path = NewsDownloadManager.swift; sourceTree = "<group>"; };
		9EA158922846806C0005A3FC /* NewsAPI.swift */ = {isa = PBXFileReference; fileEncoding = 4; lastKnownFileType = sourcecode.swift; path = NewsAPI.swift; sourceTree = "<group>"; };
		9EA158932846806C0005A3FC /* News.swift */ = {isa = PBXFileReference; fileEncoding = 4; lastKnownFileType = sourcecode.swift; path = News.swift; sourceTree = "<group>"; };
		9EA158942846806C0005A3FC /* NewsResponse.swift */ = {isa = PBXFileReference; fileEncoding = 4; lastKnownFileType = sourcecode.swift; path = NewsResponse.swift; sourceTree = "<group>"; };
		9EA158982846807A0005A3FC /* NewsListView.swift */ = {isa = PBXFileReference; fileEncoding = 4; lastKnownFileType = sourcecode.swift; path = NewsListView.swift; sourceTree = "<group>"; };
		9EA158992846807A0005A3FC /* BottomSheetView.swift */ = {isa = PBXFileReference; fileEncoding = 4; lastKnownFileType = sourcecode.swift; path = BottomSheetView.swift; sourceTree = "<group>"; };
		9EA1589A2846807A0005A3FC /* NewsHeaderView.swift */ = {isa = PBXFileReference; fileEncoding = 4; lastKnownFileType = sourcecode.swift; path = NewsHeaderView.swift; sourceTree = "<group>"; };
		9EA1589B2846807A0005A3FC /* NewsSheetView.swift */ = {isa = PBXFileReference; fileEncoding = 4; lastKnownFileType = sourcecode.swift; path = NewsSheetView.swift; sourceTree = "<group>"; };
		9EA158A3284680C20005A3FC /* MockQuoteManager.swift */ = {isa = PBXFileReference; fileEncoding = 4; lastKnownFileType = sourcecode.swift; path = MockQuoteManager.swift; sourceTree = "<group>"; };
		9EA158A4284680C20005A3FC /* API.swift */ = {isa = PBXFileReference; fileEncoding = 4; lastKnownFileType = sourcecode.swift; path = API.swift; sourceTree = "<group>"; };
		9EA158A5284680C20005A3FC /* QuoteManagerProtocol.swift */ = {isa = PBXFileReference; fileEncoding = 4; lastKnownFileType = sourcecode.swift; path = QuoteManagerProtocol.swift; sourceTree = "<group>"; };
		9EA158A6284680C20005A3FC /* StockQuoteManager.swift */ = {isa = PBXFileReference; fileEncoding = 4; lastKnownFileType = sourcecode.swift; path = StockQuoteManager.swift; sourceTree = "<group>"; };
		9EA158AB284680CC0005A3FC /* Quote.swift */ = {isa = PBXFileReference; fileEncoding = 4; lastKnownFileType = sourcecode.swift; path = Quote.swift; sourceTree = "<group>"; };
		9EA158AC284680CC0005A3FC /* GlobalQuote.swift */ = {isa = PBXFileReference; fileEncoding = 4; lastKnownFileType = sourcecode.swift; path = GlobalQuote.swift; sourceTree = "<group>"; };
		9EA158B0284680E80005A3FC /* HeaderView.swift */ = {isa = PBXFileReference; fileEncoding = 4; lastKnownFileType = sourcecode.swift; path = HeaderView.swift; sourceTree = "<group>"; };
		9EA158B1284680E80005A3FC /* MiniQuoteView.swift */ = {isa = PBXFileReference; fileEncoding = 4; lastKnownFileType = sourcecode.swift; path = MiniQuoteView.swift; sourceTree = "<group>"; };
		9EA158B2284680E90005A3FC /* QuoteCell.swift */ = {isa = PBXFileReference; fileEncoding = 4; lastKnownFileType = sourcecode.swift; path = QuoteCell.swift; sourceTree = "<group>"; };
		9EA158B3284680E90005A3FC /* SearchTextView.swift */ = {isa = PBXFileReference; fileEncoding = 4; lastKnownFileType = sourcecode.swift; path = SearchTextView.swift; sourceTree = "<group>"; };
		9EA158BA2846811C0005A3FC /* SearchManager.swift */ = {isa = PBXFileReference; fileEncoding = 4; lastKnownFileType = sourcecode.swift; path = SearchManager.swift; sourceTree = "<group>"; };
		9EA158BC284681250005A3FC /* Search.swift */ = {isa = PBXFileReference; fileEncoding = 4; lastKnownFileType = sourcecode.swift; path = Search.swift; sourceTree = "<group>"; };
		9EA158BD284681250005A3FC /* SearchResponse.swift */ = {isa = PBXFileReference; fileEncoding = 4; lastKnownFileType = sourcecode.swift; path = SearchResponse.swift; sourceTree = "<group>"; };
		9EA158C02846812D0005A3FC /* SearchView.swift */ = {isa = PBXFileReference; fileEncoding = 4; lastKnownFileType = sourcecode.swift; path = SearchView.swift; sourceTree = "<group>"; };
		9EA158C2284681500005A3FC /* UserDefaultsManager.swift */ = {isa = PBXFileReference; fileEncoding = 4; lastKnownFileType = sourcecode.swift; path = UserDefaultsManager.swift; sourceTree = "<group>"; };
		9EA158C3284681500005A3FC /* CustomTextField.swift */ = {isa = PBXFileReference; fileEncoding = 4; lastKnownFileType = sourcecode.swift; path = CustomTextField.swift; sourceTree = "<group>"; };
		9EA158C4284681500005A3FC /* NetworkManager.swift */ = {isa = PBXFileReference; fileEncoding = 4; lastKnownFileType = sourcecode.swift; path = NetworkManager.swift; sourceTree = "<group>"; };
		9EA158C5284681500005A3FC /* Array+Extensions.swift */ = {isa = PBXFileReference; fileEncoding = 4; lastKnownFileType = sourcecode.swift; path = "Array+Extensions.swift"; sourceTree = "<group>"; };
		9EA158CA284681590005A3FC /* ImageCacheKey.swift */ = {isa = PBXFileReference; fileEncoding = 4; lastKnownFileType = sourcecode.swift; path = ImageCacheKey.swift; sourceTree = "<group>"; };
		9EA158CB284681590005A3FC /* ImageLoader.swift */ = {isa = PBXFileReference; fileEncoding = 4; lastKnownFileType = sourcecode.swift; path = ImageLoader.swift; sourceTree = "<group>"; };
		9EA158CC284681590005A3FC /* ImageCache.swift */ = {isa = PBXFileReference; fileEncoding = 4; lastKnownFileType = sourcecode.swift; path = ImageCache.swift; sourceTree = "<group>"; };
		9EA158CD284681590005A3FC /* AsyncImage.swift */ = {isa = PBXFileReference; fileEncoding = 4; lastKnownFileType = sourcecode.swift; path = AsyncImage.swift; sourceTree = "<group>"; };
/* End PBXFileReference section */

/* Begin PBXFrameworksBuildPhase section */
		9EA1584E28467F720005A3FC /* Frameworks */ = {
			isa = PBXFrameworksBuildPhase;
			buildActionMask = 2147483647;
			files = (
				9EA158D42846822E0005A3FC /* BetterSafariView in Frameworks */,
			);
			runOnlyForDeploymentPostprocessing = 0;
		};
		9EA1585428467F720005A3FC /* Frameworks */ = {
			isa = PBXFrameworksBuildPhase;
			buildActionMask = 2147483647;
			files = (
			);
			runOnlyForDeploymentPostprocessing = 0;
		};
		9EA1585B28467F720005A3FC /* Frameworks */ = {
			isa = PBXFrameworksBuildPhase;
			buildActionMask = 2147483647;
			files = (
			);
			runOnlyForDeploymentPostprocessing = 0;
		};
		9EA1586728467F720005A3FC /* Frameworks */ = {
			isa = PBXFrameworksBuildPhase;
			buildActionMask = 2147483647;
			files = (
			);
			runOnlyForDeploymentPostprocessing = 0;
		};
/* End PBXFrameworksBuildPhase section */

/* Begin PBXGroup section */
		9EA1584428467F710005A3FC = {
			isa = PBXGroup;
			children = (
				9EA1584928467F710005A3FC /* Shared */,
				9EA1585828467F720005A3FC /* macOS */,
				9EA1586128467F720005A3FC /* Tests iOS */,
				9EA1586D28467F720005A3FC /* Tests macOS */,
				9EA1585228467F720005A3FC /* Products */,
			);
			sourceTree = "<group>";
		};
		9EA1584928467F710005A3FC /* Shared */ = {
			isa = PBXGroup;
			children = (
				9EA1588728467FBB0005A3FC /* Utils */,
				9EA1588628467FB40005A3FC /* Features */,
				9EA1584A28467F710005A3FC /* StocksAppV2App.swift */,
				9EA1584B28467F710005A3FC /* ContentView.swift */,
				9EA1584C28467F720005A3FC /* Assets.xcassets */,
			);
			path = Shared;
			sourceTree = "<group>";
		};
		9EA1585228467F720005A3FC /* Products */ = {
			isa = PBXGroup;
			children = (
				9EA1585128467F720005A3FC /* StocksAppV2.app */,
				9EA1585728467F720005A3FC /* StocksAppV2.app */,
				9EA1585E28467F720005A3FC /* Tests iOS.xctest */,
				9EA1586A28467F720005A3FC /* Tests macOS.xctest */,
			);
			name = Products;
			sourceTree = "<group>";
		};
		9EA1585828467F720005A3FC /* macOS */ = {
			isa = PBXGroup;
			children = (
				9EA1585928467F720005A3FC /* macOS.entitlements */,
			);
			path = macOS;
			sourceTree = "<group>";
		};
		9EA1586128467F720005A3FC /* Tests iOS */ = {
			isa = PBXGroup;
			children = (
				9EA1586228467F720005A3FC /* Tests_iOS.swift */,
				9EA1586428467F720005A3FC /* Tests_iOSLaunchTests.swift */,
			);
			path = "Tests iOS";
			sourceTree = "<group>";
		};
		9EA1586D28467F720005A3FC /* Tests macOS */ = {
			isa = PBXGroup;
			children = (
				9EA1586E28467F720005A3FC /* Tests_macOS.swift */,
				9EA1587028467F720005A3FC /* Tests_macOSLaunchTests.swift */,
			);
			path = "Tests macOS";
			sourceTree = "<group>";
		};
		9EA1588628467FB40005A3FC /* Features */ = {
			isa = PBXGroup;
			children = (
				9EA1588A28467FD70005A3FC /* Search */,
				9EA1588928467FD10005A3FC /* Quotes */,
				9EA1588828467FCD0005A3FC /* News */,
			);
			path = Features;
			sourceTree = "<group>";
		};
		9EA1588728467FBB0005A3FC /* Utils */ = {
			isa = PBXGroup;
			children = (
				9EA158C5284681500005A3FC /* Array+Extensions.swift */,
				9EA158C3284681500005A3FC /* CustomTextField.swift */,
				9EA158C4284681500005A3FC /* NetworkManager.swift */,
				9EA158C2284681500005A3FC /* UserDefaultsManager.swift */,
				9EA1588B28467FEF0005A3FC /* AsyncImage */,
			);
			path = Utils;
			sourceTree = "<group>";
		};
		9EA1588828467FCD0005A3FC /* News */ = {
			isa = PBXGroup;
			children = (
				9EA15890284680600005A3FC /* NewsDownloadManager.swift */,
				9EA1588E284680590005A3FC /* MockNewsDownloadManager.swift */,
				9EA1588D2846803F0005A3FC /* Views */,
				9EA1588C2846803A0005A3FC /* Models */,
			);
			path = News;
			sourceTree = "<group>";
		};
		9EA1588928467FD10005A3FC /* Quotes */ = {
			isa = PBXGroup;
			children = (
				9EA158A2284680AF0005A3FC /* Views */,
				9EA158A1284680AA0005A3FC /* Models */,
				9EA158A0284680A40005A3FC /* Managers */,
			);
			path = Quotes;
			sourceTree = "<group>";
		};
		9EA1588A28467FD70005A3FC /* Search */ = {
			isa = PBXGroup;
			children = (
				9EA158BA2846811C0005A3FC /* SearchManager.swift */,
				9EA158B92846810C0005A3FC /* Views */,
				9EA158B8284681070005A3FC /* Models */,
			);
			path = Search;
			sourceTree = "<group>";
		};
		9EA1588B28467FEF0005A3FC /* AsyncImage */ = {
			isa = PBXGroup;
			children = (
				9EA158CD284681590005A3FC /* AsyncImage.swift */,
				9EA158CC284681590005A3FC /* ImageCache.swift */,
				9EA158CA284681590005A3FC /* ImageCacheKey.swift */,
				9EA158CB284681590005A3FC /* ImageLoader.swift */,
			);
			path = AsyncImage;
			sourceTree = "<group>";
		};
		9EA1588C2846803A0005A3FC /* Models */ = {
			isa = PBXGroup;
			children = (
				9EA158932846806C0005A3FC /* News.swift */,
				9EA158922846806C0005A3FC /* NewsAPI.swift */,
				9EA158942846806C0005A3FC /* NewsResponse.swift */,
			);
			path = Models;
			sourceTree = "<group>";
		};
		9EA1588D2846803F0005A3FC /* Views */ = {
			isa = PBXGroup;
			children = (
				9EA158992846807A0005A3FC /* BottomSheetView.swift */,
				9EA1589A2846807A0005A3FC /* NewsHeaderView.swift */,
				9EA158982846807A0005A3FC /* NewsListView.swift */,
				9EA1589B2846807A0005A3FC /* NewsSheetView.swift */,
			);
			path = Views;
			sourceTree = "<group>";
		};
		9EA158A0284680A40005A3FC /* Managers */ = {
			isa = PBXGroup;
			children = (
				9EA158A4284680C20005A3FC /* API.swift */,
				9EA158A3284680C20005A3FC /* MockQuoteManager.swift */,
				9EA158A5284680C20005A3FC /* QuoteManagerProtocol.swift */,
				9EA158A6284680C20005A3FC /* StockQuoteManager.swift */,
			);
			path = Managers;
			sourceTree = "<group>";
		};
		9EA158A1284680AA0005A3FC /* Models */ = {
			isa = PBXGroup;
			children = (
				9EA158AC284680CC0005A3FC /* GlobalQuote.swift */,
				9EA158AB284680CC0005A3FC /* Quote.swift */,
			);
			path = Models;
			sourceTree = "<group>";
		};
		9EA158A2284680AF0005A3FC /* Views */ = {
			isa = PBXGroup;
			children = (
				9EA158AF284680D60005A3FC /* Home */,
			);
			path = Views;
			sourceTree = "<group>";
		};
		9EA158AF284680D60005A3FC /* Home */ = {
			isa = PBXGroup;
			children = (
				9EA158B0284680E80005A3FC /* HeaderView.swift */,
				9EA158B1284680E80005A3FC /* MiniQuoteView.swift */,
				9EA158B2284680E90005A3FC /* QuoteCell.swift */,
				9EA158B3284680E90005A3FC /* SearchTextView.swift */,
			);
			path = Home;
			sourceTree = "<group>";
		};
		9EA158B8284681070005A3FC /* Models */ = {
			isa = PBXGroup;
			children = (
				9EA158BC284681250005A3FC /* Search.swift */,
				9EA158BD284681250005A3FC /* SearchResponse.swift */,
			);
			path = Models;
			sourceTree = "<group>";
		};
		9EA158B92846810C0005A3FC /* Views */ = {
			isa = PBXGroup;
			children = (
				9EA158C02846812D0005A3FC /* SearchView.swift */,
			);
			path = Views;
			sourceTree = "<group>";
		};
/* End PBXGroup section */

/* Begin PBXNativeTarget section */
		9EA1585028467F720005A3FC /* StocksAppV2 (iOS) */ = {
			isa = PBXNativeTarget;
			buildConfigurationList = 9EA1587A28467F720005A3FC /* Build configuration list for PBXNativeTarget "StocksAppV2 (iOS)" */;
			buildPhases = (
				9EA1584D28467F720005A3FC /* Sources */,
				9EA1584E28467F720005A3FC /* Frameworks */,
				9EA1584F28467F720005A3FC /* Resources */,
			);
			buildRules = (
			);
			dependencies = (
			);
			name = "StocksAppV2 (iOS)";
			packageProductDependencies = (
				9EA158D32846822E0005A3FC /* BetterSafariView */,
			);
			productName = "StocksAppV2 (iOS)";
			productReference = 9EA1585128467F720005A3FC /* StocksAppV2.app */;
			productType = "com.apple.product-type.application";
		};
		9EA1585628467F720005A3FC /* StocksAppV2 (macOS) */ = {
			isa = PBXNativeTarget;
			buildConfigurationList = 9EA1587D28467F720005A3FC /* Build configuration list for PBXNativeTarget "StocksAppV2 (macOS)" */;
			buildPhases = (
				9EA1585328467F720005A3FC /* Sources */,
				9EA1585428467F720005A3FC /* Frameworks */,
				9EA1585528467F720005A3FC /* Resources */,
			);
			buildRules = (
			);
			dependencies = (
			);
			name = "StocksAppV2 (macOS)";
			productName = "StocksAppV2 (macOS)";
			productReference = 9EA1585728467F720005A3FC /* StocksAppV2.app */;
			productType = "com.apple.product-type.application";
		};
		9EA1585D28467F720005A3FC /* Tests iOS */ = {
			isa = PBXNativeTarget;
			buildConfigurationList = 9EA1588028467F720005A3FC /* Build configuration list for PBXNativeTarget "Tests iOS" */;
			buildPhases = (
				9EA1585A28467F720005A3FC /* Sources */,
				9EA1585B28467F720005A3FC /* Frameworks */,
				9EA1585C28467F720005A3FC /* Resources */,
			);
			buildRules = (
			);
			dependencies = (
				9EA1586028467F720005A3FC /* PBXTargetDependency */,
			);
			name = "Tests iOS";
			productName = "Tests iOS";
			productReference = 9EA1585E28467F720005A3FC /* Tests iOS.xctest */;
			productType = "com.apple.product-type.bundle.ui-testing";
		};
		9EA1586928467F720005A3FC /* Tests macOS */ = {
			isa = PBXNativeTarget;
			buildConfigurationList = 9EA1588328467F720005A3FC /* Build configuration list for PBXNativeTarget "Tests macOS" */;
			buildPhases = (
				9EA1586628467F720005A3FC /* Sources */,
				9EA1586728467F720005A3FC /* Frameworks */,
				9EA1586828467F720005A3FC /* Resources */,
			);
			buildRules = (
			);
			dependencies = (
				9EA1586C28467F720005A3FC /* PBXTargetDependency */,
			);
			name = "Tests macOS";
			productName = "Tests macOS";
			productReference = 9EA1586A28467F720005A3FC /* Tests macOS.xctest */;
			productType = "com.apple.product-type.bundle.ui-testing";
		};
/* End PBXNativeTarget section */

/* Begin PBXProject section */
		9EA1584528467F710005A3FC /* Project object */ = {
			isa = PBXProject;
			attributes = {
				BuildIndependentTargetsInParallel = 1;
				LastSwiftUpdateCheck = 1330;
				LastUpgradeCheck = 1330;
				TargetAttributes = {
					9EA1585028467F720005A3FC = {
						CreatedOnToolsVersion = 13.3.1;
					};
					9EA1585628467F720005A3FC = {
						CreatedOnToolsVersion = 13.3.1;
					};
					9EA1585D28467F720005A3FC = {
						CreatedOnToolsVersion = 13.3.1;
						TestTargetID = 9EA1585028467F720005A3FC;
					};
					9EA1586928467F720005A3FC = {
						CreatedOnToolsVersion = 13.3.1;
						TestTargetID = 9EA1585628467F720005A3FC;
					};
				};
			};
			buildConfigurationList = 9EA1584828467F710005A3FC /* Build configuration list for PBXProject "StocksAppV2" */;
			compatibilityVersion = "Xcode 13.0";
			developmentRegion = en;
			hasScannedForEncodings = 0;
			knownRegions = (
				en,
				Base,
			);
			mainGroup = 9EA1584428467F710005A3FC;
			packageReferences = (
				9EA158D22846822E0005A3FC /* XCRemoteSwiftPackageReference "BetterSafariView" */,
			);
			productRefGroup = 9EA1585228467F720005A3FC /* Products */;
			projectDirPath = "";
			projectRoot = "";
			targets = (
				9EA1585028467F720005A3FC /* StocksAppV2 (iOS) */,
				9EA1585628467F720005A3FC /* StocksAppV2 (macOS) */,
				9EA1585D28467F720005A3FC /* Tests iOS */,
				9EA1586928467F720005A3FC /* Tests macOS */,
			);
		};
/* End PBXProject section */

/* Begin PBXResourcesBuildPhase section */
		9EA1584F28467F720005A3FC /* Resources */ = {
			isa = PBXResourcesBuildPhase;
			buildActionMask = 2147483647;
			files = (
				9EA1587628467F720005A3FC /* Assets.xcassets in Resources */,
			);
			runOnlyForDeploymentPostprocessing = 0;
		};
		9EA1585528467F720005A3FC /* Resources */ = {
			isa = PBXResourcesBuildPhase;
			buildActionMask = 2147483647;
			files = (
				9EA1587728467F720005A3FC /* Assets.xcassets in Resources */,
			);
			runOnlyForDeploymentPostprocessing = 0;
		};
		9EA1585C28467F720005A3FC /* Resources */ = {
			isa = PBXResourcesBuildPhase;
			buildActionMask = 2147483647;
			files = (
			);
			runOnlyForDeploymentPostprocessing = 0;
		};
		9EA1586828467F720005A3FC /* Resources */ = {
			isa = PBXResourcesBuildPhase;
			buildActionMask = 2147483647;
			files = (
			);
			runOnlyForDeploymentPostprocessing = 0;
		};
/* End PBXResourcesBuildPhase section */

/* Begin PBXSourcesBuildPhase section */
		9EA1584D28467F720005A3FC /* Sources */ = {
			isa = PBXSourcesBuildPhase;
			buildActionMask = 2147483647;
			files = (
				9EA158B6284680E90005A3FC /* QuoteCell.swift in Sources */,
				9EA1589E2846807A0005A3FC /* NewsHeaderView.swift in Sources */,
				9EA158D0284681590005A3FC /* ImageCache.swift in Sources */,
				9EA158C9284681500005A3FC /* Array+Extensions.swift in Sources */,
				9EA158B5284680E90005A3FC /* MiniQuoteView.swift in Sources */,
				9EA158B4284680E90005A3FC /* HeaderView.swift in Sources */,
				9EA158972846806D0005A3FC /* NewsResponse.swift in Sources */,
				9EA158AA284680C20005A3FC /* StockQuoteManager.swift in Sources */,
				9EA158AE284680CC0005A3FC /* GlobalQuote.swift in Sources */,
				9EA158BB2846811C0005A3FC /* SearchManager.swift in Sources */,
				9EA158C7284681500005A3FC /* CustomTextField.swift in Sources */,
				9EA1589C2846807A0005A3FC /* NewsListView.swift in Sources */,
				9EA158AD284680CC0005A3FC /* Quote.swift in Sources */,
				9EA1589D2846807A0005A3FC /* BottomSheetView.swift in Sources */,
				9EA158B7284680E90005A3FC /* SearchTextView.swift in Sources */,
				9EA158A7284680C20005A3FC /* MockQuoteManager.swift in Sources */,
				9EA158D1284681590005A3FC /* AsyncImage.swift in Sources */,
				9EA158962846806D0005A3FC /* News.swift in Sources */,
				9EA158A9284680C20005A3FC /* QuoteManagerProtocol.swift in Sources */,
				9EA158C12846812D0005A3FC /* SearchView.swift in Sources */,
				9EA158C6284681500005A3FC /* UserDefaultsManager.swift in Sources */,
				9EA158BE284681250005A3FC /* Search.swift in Sources */,
				9EA1589F2846807A0005A3FC /* NewsSheetView.swift in Sources */,
				9EA15891284680600005A3FC /* NewsDownloadManager.swift in Sources */,
				9EA158A8284680C20005A3FC /* API.swift in Sources */,
				9EA1587428467F720005A3FC /* ContentView.swift in Sources */,
				9EA158BF284681250005A3FC /* SearchResponse.swift in Sources */,
				9EA158C8284681500005A3FC /* NetworkManager.swift in Sources */,
				9EA158952846806C0005A3FC /* NewsAPI.swift in Sources */,
				9EA158CF284681590005A3FC /* ImageLoader.swift in Sources */,
				9EA1587228467F720005A3FC /* StocksAppV2App.swift in Sources */,
				9EA158CE284681590005A3FC /* ImageCacheKey.swift in Sources */,
				9EA1588F284680590005A3FC /* MockNewsDownloadManager.swift in Sources */,
			);
			runOnlyForDeploymentPostprocessing = 0;
		};
		9EA1585328467F720005A3FC /* Sources */ = {
			isa = PBXSourcesBuildPhase;
			buildActionMask = 2147483647;
			files = (
				9EA1587528467F720005A3FC /* ContentView.swift in Sources */,
				9EA1587328467F720005A3FC /* StocksAppV2App.swift in Sources */,
			);
			runOnlyForDeploymentPostprocessing = 0;
		};
		9EA1585A28467F720005A3FC /* Sources */ = {
			isa = PBXSourcesBuildPhase;
			buildActionMask = 2147483647;
			files = (
				9EA1586528467F720005A3FC /* Tests_iOSLaunchTests.swift in Sources */,
				9EA1586328467F720005A3FC /* Tests_iOS.swift in Sources */,
			);
			runOnlyForDeploymentPostprocessing = 0;
		};
		9EA1586628467F720005A3FC /* Sources */ = {
			isa = PBXSourcesBuildPhase;
			buildActionMask = 2147483647;
			files = (
				9EA1587128467F720005A3FC /* Tests_macOSLaunchTests.swift in Sources */,
				9EA1586F28467F720005A3FC /* Tests_macOS.swift in Sources */,
			);
			runOnlyForDeploymentPostprocessing = 0;
		};
/* End PBXSourcesBuildPhase section */

/* Begin PBXTargetDependency section */
		9EA1586028467F720005A3FC /* PBXTargetDependency */ = {
			isa = PBXTargetDependency;
			target = 9EA1585028467F720005A3FC /* StocksAppV2 (iOS) */;
			targetProxy = 9EA1585F28467F720005A3FC /* PBXContainerItemProxy */;
		};
		9EA1586C28467F720005A3FC /* PBXTargetDependency */ = {
			isa = PBXTargetDependency;
			target = 9EA1585628467F720005A3FC /* StocksAppV2 (macOS) */;
			targetProxy = 9EA1586B28467F720005A3FC /* PBXContainerItemProxy */;
		};
/* End PBXTargetDependency section */

/* Begin XCBuildConfiguration section */
		9EA1587828467F720005A3FC /* Debug */ = {
			isa = XCBuildConfiguration;
			buildSettings = {
				ALWAYS_SEARCH_USER_PATHS = NO;
				CLANG_ANALYZER_NONNULL = YES;
				CLANG_ANALYZER_NUMBER_OBJECT_CONVERSION = YES_AGGRESSIVE;
				CLANG_CXX_LANGUAGE_STANDARD = "gnu++17";
				CLANG_ENABLE_MODULES = YES;
				CLANG_ENABLE_OBJC_ARC = YES;
				CLANG_ENABLE_OBJC_WEAK = YES;
				CLANG_WARN_BLOCK_CAPTURE_AUTORELEASING = YES;
				CLANG_WARN_BOOL_CONVERSION = YES;
				CLANG_WARN_COMMA = YES;
				CLANG_WARN_CONSTANT_CONVERSION = YES;
				CLANG_WARN_DEPRECATED_OBJC_IMPLEMENTATIONS = YES;
				CLANG_WARN_DIRECT_OBJC_ISA_USAGE = YES_ERROR;
				CLANG_WARN_DOCUMENTATION_COMMENTS = YES;
				CLANG_WARN_EMPTY_BODY = YES;
				CLANG_WARN_ENUM_CONVERSION = YES;
				CLANG_WARN_INFINITE_RECURSION = YES;
				CLANG_WARN_INT_CONVERSION = YES;
				CLANG_WARN_NON_LITERAL_NULL_CONVERSION = YES;
				CLANG_WARN_OBJC_IMPLICIT_RETAIN_SELF = YES;
				CLANG_WARN_OBJC_LITERAL_CONVERSION = YES;
				CLANG_WARN_OBJC_ROOT_CLASS = YES_ERROR;
				CLANG_WARN_QUOTED_INCLUDE_IN_FRAMEWORK_HEADER = YES;
				CLANG_WARN_RANGE_LOOP_ANALYSIS = YES;
				CLANG_WARN_STRICT_PROTOTYPES = YES;
				CLANG_WARN_SUSPICIOUS_MOVE = YES;
				CLANG_WARN_UNGUARDED_AVAILABILITY = YES_AGGRESSIVE;
				CLANG_WARN_UNREACHABLE_CODE = YES;
				CLANG_WARN__DUPLICATE_METHOD_MATCH = YES;
				COPY_PHASE_STRIP = NO;
				DEBUG_INFORMATION_FORMAT = dwarf;
				ENABLE_STRICT_OBJC_MSGSEND = YES;
				ENABLE_TESTABILITY = YES;
				GCC_C_LANGUAGE_STANDARD = gnu11;
				GCC_DYNAMIC_NO_PIC = NO;
				GCC_NO_COMMON_BLOCKS = YES;
				GCC_OPTIMIZATION_LEVEL = 0;
				GCC_PREPROCESSOR_DEFINITIONS = (
					"DEBUG=1",
					"$(inherited)",
				);
				GCC_WARN_64_TO_32_BIT_CONVERSION = YES;
				GCC_WARN_ABOUT_RETURN_TYPE = YES_ERROR;
				GCC_WARN_UNDECLARED_SELECTOR = YES;
				GCC_WARN_UNINITIALIZED_AUTOS = YES_AGGRESSIVE;
				GCC_WARN_UNUSED_FUNCTION = YES;
				GCC_WARN_UNUSED_VARIABLE = YES;
				MTL_ENABLE_DEBUG_INFO = INCLUDE_SOURCE;
				MTL_FAST_MATH = YES;
				ONLY_ACTIVE_ARCH = YES;
				SWIFT_ACTIVE_COMPILATION_CONDITIONS = DEBUG;
				SWIFT_OPTIMIZATION_LEVEL = "-Onone";
			};
			name = Debug;
		};
		9EA1587928467F720005A3FC /* Release */ = {
			isa = XCBuildConfiguration;
			buildSettings = {
				ALWAYS_SEARCH_USER_PATHS = NO;
				CLANG_ANALYZER_NONNULL = YES;
				CLANG_ANALYZER_NUMBER_OBJECT_CONVERSION = YES_AGGRESSIVE;
				CLANG_CXX_LANGUAGE_STANDARD = "gnu++17";
				CLANG_ENABLE_MODULES = YES;
				CLANG_ENABLE_OBJC_ARC = YES;
				CLANG_ENABLE_OBJC_WEAK = YES;
				CLANG_WARN_BLOCK_CAPTURE_AUTORELEASING = YES;
				CLANG_WARN_BOOL_CONVERSION = YES;
				CLANG_WARN_COMMA = YES;
				CLANG_WARN_CONSTANT_CONVERSION = YES;
				CLANG_WARN_DEPRECATED_OBJC_IMPLEMENTATIONS = YES;
				CLANG_WARN_DIRECT_OBJC_ISA_USAGE = YES_ERROR;
				CLANG_WARN_DOCUMENTATION_COMMENTS = YES;
				CLANG_WARN_EMPTY_BODY = YES;
				CLANG_WARN_ENUM_CONVERSION = YES;
				CLANG_WARN_INFINITE_RECURSION = YES;
				CLANG_WARN_INT_CONVERSION = YES;
				CLANG_WARN_NON_LITERAL_NULL_CONVERSION = YES;
				CLANG_WARN_OBJC_IMPLICIT_RETAIN_SELF = YES;
				CLANG_WARN_OBJC_LITERAL_CONVERSION = YES;
				CLANG_WARN_OBJC_ROOT_CLASS = YES_ERROR;
				CLANG_WARN_QUOTED_INCLUDE_IN_FRAMEWORK_HEADER = YES;
				CLANG_WARN_RANGE_LOOP_ANALYSIS = YES;
				CLANG_WARN_STRICT_PROTOTYPES = YES;
				CLANG_WARN_SUSPICIOUS_MOVE = YES;
				CLANG_WARN_UNGUARDED_AVAILABILITY = YES_AGGRESSIVE;
				CLANG_WARN_UNREACHABLE_CODE = YES;
				CLANG_WARN__DUPLICATE_METHOD_MATCH = YES;
				COPY_PHASE_STRIP = NO;
				DEBUG_INFORMATION_FORMAT = "dwarf-with-dsym";
				ENABLE_NS_ASSERTIONS = NO;
				ENABLE_STRICT_OBJC_MSGSEND = YES;
				GCC_C_LANGUAGE_STANDARD = gnu11;
				GCC_NO_COMMON_BLOCKS = YES;
				GCC_WARN_64_TO_32_BIT_CONVERSION = YES;
				GCC_WARN_ABOUT_RETURN_TYPE = YES_ERROR;
				GCC_WARN_UNDECLARED_SELECTOR = YES;
				GCC_WARN_UNINITIALIZED_AUTOS = YES_AGGRESSIVE;
				GCC_WARN_UNUSED_FUNCTION = YES;
				GCC_WARN_UNUSED_VARIABLE = YES;
				MTL_ENABLE_DEBUG_INFO = NO;
				MTL_FAST_MATH = YES;
				SWIFT_COMPILATION_MODE = wholemodule;
				SWIFT_OPTIMIZATION_LEVEL = "-O";
			};
			name = Release;
		};
		9EA1587B28467F720005A3FC /* Debug */ = {
			isa = XCBuildConfiguration;
			buildSettings = {
				ASSETCATALOG_COMPILER_APPICON_NAME = AppIcon;
				ASSETCATALOG_COMPILER_GLOBAL_ACCENT_COLOR_NAME = AccentColor;
				CODE_SIGN_STYLE = Automatic;
				CURRENT_PROJECT_VERSION = 1;
				ENABLE_PREVIEWS = YES;
				GENERATE_INFOPLIST_FILE = YES;
				INFOPLIST_KEY_UIApplicationSceneManifest_Generation = YES;
				INFOPLIST_KEY_UIApplicationSupportsIndirectInputEvents = YES;
				INFOPLIST_KEY_UILaunchScreen_Generation = YES;
				INFOPLIST_KEY_UISupportedInterfaceOrientations_iPad = "UIInterfaceOrientationPortrait UIInterfaceOrientationPortraitUpsideDown UIInterfaceOrientationLandscapeLeft UIInterfaceOrientationLandscapeRight";
				INFOPLIST_KEY_UISupportedInterfaceOrientations_iPhone = "UIInterfaceOrientationPortrait UIInterfaceOrientationLandscapeLeft UIInterfaceOrientationLandscapeRight";
				IPHONEOS_DEPLOYMENT_TARGET = 15.4;
				LD_RUNPATH_SEARCH_PATHS = (
					"$(inherited)",
					"@executable_path/Frameworks",
				);
				MARKETING_VERSION = 1.0;
				PRODUCT_BUNDLE_IDENTIFIER = "Shayan-Mufti.StocksAppV2";
				PRODUCT_NAME = StocksAppV2;
				SDKROOT = iphoneos;
				SWIFT_EMIT_LOC_STRINGS = YES;
				SWIFT_VERSION = 5.0;
				TARGETED_DEVICE_FAMILY = "1,2";
			};
			name = Debug;
		};
		9EA1587C28467F720005A3FC /* Release */ = {
			isa = XCBuildConfiguration;
			buildSettings = {
				ASSETCATALOG_COMPILER_APPICON_NAME = AppIcon;
				ASSETCATALOG_COMPILER_GLOBAL_ACCENT_COLOR_NAME = AccentColor;
				CODE_SIGN_STYLE = Automatic;
				CURRENT_PROJECT_VERSION = 1;
				ENABLE_PREVIEWS = YES;
				GENERATE_INFOPLIST_FILE = YES;
				INFOPLIST_KEY_UIApplicationSceneManifest_Generation = YES;
				INFOPLIST_KEY_UIApplicationSupportsIndirectInputEvents = YES;
				INFOPLIST_KEY_UILaunchScreen_Generation = YES;
				INFOPLIST_KEY_UISupportedInterfaceOrientations_iPad = "UIInterfaceOrientationPortrait UIInterfaceOrientationPortraitUpsideDown UIInterfaceOrientationLandscapeLeft UIInterfaceOrientationLandscapeRight";
				INFOPLIST_KEY_UISupportedInterfaceOrientations_iPhone = "UIInterfaceOrientationPortrait UIInterfaceOrientationLandscapeLeft UIInterfaceOrientationLandscapeRight";
				IPHONEOS_DEPLOYMENT_TARGET = 15.4;
				LD_RUNPATH_SEARCH_PATHS = (
					"$(inherited)",
					"@executable_path/Frameworks",
				);
				MARKETING_VERSION = 1.0;
				PRODUCT_BUNDLE_IDENTIFIER = "Shayan-Mufti.StocksAppV2";
				PRODUCT_NAME = StocksAppV2;
				SDKROOT = iphoneos;
				SWIFT_EMIT_LOC_STRINGS = YES;
				SWIFT_VERSION = 5.0;
				TARGETED_DEVICE_FAMILY = "1,2";
				VALIDATE_PRODUCT = YES;
			};
			name = Release;
		};
		9EA1587E28467F720005A3FC /* Debug */ = {
			isa = XCBuildConfiguration;
			buildSettings = {
				ASSETCATALOG_COMPILER_APPICON_NAME = AppIcon;
				ASSETCATALOG_COMPILER_GLOBAL_ACCENT_COLOR_NAME = AccentColor;
				CODE_SIGN_ENTITLEMENTS = macOS/macOS.entitlements;
				CODE_SIGN_STYLE = Automatic;
				COMBINE_HIDPI_IMAGES = YES;
				CURRENT_PROJECT_VERSION = 1;
				ENABLE_PREVIEWS = YES;
				GENERATE_INFOPLIST_FILE = YES;
				INFOPLIST_KEY_NSHumanReadableCopyright = "";
				LD_RUNPATH_SEARCH_PATHS = (
					"$(inherited)",
					"@executable_path/../Frameworks",
				);
				MACOSX_DEPLOYMENT_TARGET = 12.3;
				MARKETING_VERSION = 1.0;
				PRODUCT_BUNDLE_IDENTIFIER = "Shayan-Mufti.StocksAppV2";
				PRODUCT_NAME = StocksAppV2;
				SDKROOT = macosx;
				SWIFT_EMIT_LOC_STRINGS = YES;
				SWIFT_VERSION = 5.0;
			};
			name = Debug;
		};
		9EA1587F28467F720005A3FC /* Release */ = {
			isa = XCBuildConfiguration;
			buildSettings = {
				ASSETCATALOG_COMPILER_APPICON_NAME = AppIcon;
				ASSETCATALOG_COMPILER_GLOBAL_ACCENT_COLOR_NAME = AccentColor;
				CODE_SIGN_ENTITLEMENTS = macOS/macOS.entitlements;
				CODE_SIGN_STYLE = Automatic;
				COMBINE_HIDPI_IMAGES = YES;
				CURRENT_PROJECT_VERSION = 1;
				ENABLE_PREVIEWS = YES;
				GENERATE_INFOPLIST_FILE = YES;
				INFOPLIST_KEY_NSHumanReadableCopyright = "";
				LD_RUNPATH_SEARCH_PATHS = (
					"$(inherited)",
					"@executable_path/../Frameworks",
				);
				MACOSX_DEPLOYMENT_TARGET = 12.3;
				MARKETING_VERSION = 1.0;
				PRODUCT_BUNDLE_IDENTIFIER = "Shayan-Mufti.StocksAppV2";
				PRODUCT_NAME = StocksAppV2;
				SDKROOT = macosx;
				SWIFT_EMIT_LOC_STRINGS = YES;
				SWIFT_VERSION = 5.0;
			};
			name = Release;
		};
		9EA1588128467F720005A3FC /* Debug */ = {
			isa = XCBuildConfiguration;
			buildSettings = {
				ALWAYS_EMBED_SWIFT_STANDARD_LIBRARIES = YES;
				CODE_SIGN_STYLE = Automatic;
				CURRENT_PROJECT_VERSION = 1;
				GENERATE_INFOPLIST_FILE = YES;
				IPHONEOS_DEPLOYMENT_TARGET = 15.4;
				MARKETING_VERSION = 1.0;
				PRODUCT_BUNDLE_IDENTIFIER = "Shayan-Mufti.Tests-iOS";
				PRODUCT_NAME = "$(TARGET_NAME)";
				SDKROOT = iphoneos;
				SWIFT_EMIT_LOC_STRINGS = NO;
				SWIFT_VERSION = 5.0;
				TARGETED_DEVICE_FAMILY = "1,2";
				TEST_TARGET_NAME = "StocksAppV2 (iOS)";
			};
			name = Debug;
		};
		9EA1588228467F720005A3FC /* Release */ = {
			isa = XCBuildConfiguration;
			buildSettings = {
				ALWAYS_EMBED_SWIFT_STANDARD_LIBRARIES = YES;
				CODE_SIGN_STYLE = Automatic;
				CURRENT_PROJECT_VERSION = 1;
				GENERATE_INFOPLIST_FILE = YES;
				IPHONEOS_DEPLOYMENT_TARGET = 15.4;
				MARKETING_VERSION = 1.0;
				PRODUCT_BUNDLE_IDENTIFIER = "Shayan-Mufti.Tests-iOS";
				PRODUCT_NAME = "$(TARGET_NAME)";
				SDKROOT = iphoneos;
				SWIFT_EMIT_LOC_STRINGS = NO;
				SWIFT_VERSION = 5.0;
				TARGETED_DEVICE_FAMILY = "1,2";
				TEST_TARGET_NAME = "StocksAppV2 (iOS)";
				VALIDATE_PRODUCT = YES;
			};
			name = Release;
		};
		9EA1588428467F720005A3FC /* Debug */ = {
			isa = XCBuildConfiguration;
			buildSettings = {
				ALWAYS_EMBED_SWIFT_STANDARD_LIBRARIES = YES;
				CODE_SIGN_STYLE = Automatic;
				CURRENT_PROJECT_VERSION = 1;
				GENERATE_INFOPLIST_FILE = YES;
				MACOSX_DEPLOYMENT_TARGET = 12.3;
				MARKETING_VERSION = 1.0;
				PRODUCT_BUNDLE_IDENTIFIER = "Shayan-Mufti.Tests-macOS";
				PRODUCT_NAME = "$(TARGET_NAME)";
				SDKROOT = macosx;
				SWIFT_EMIT_LOC_STRINGS = NO;
				SWIFT_VERSION = 5.0;
				TEST_TARGET_NAME = "StocksAppV2 (macOS)";
			};
			name = Debug;
		};
		9EA1588528467F720005A3FC /* Release */ = {
			isa = XCBuildConfiguration;
			buildSettings = {
				ALWAYS_EMBED_SWIFT_STANDARD_LIBRARIES = YES;
				CODE_SIGN_STYLE = Automatic;
				CURRENT_PROJECT_VERSION = 1;
				GENERATE_INFOPLIST_FILE = YES;
				MACOSX_DEPLOYMENT_TARGET = 12.3;
				MARKETING_VERSION = 1.0;
				PRODUCT_BUNDLE_IDENTIFIER = "Shayan-Mufti.Tests-macOS";
				PRODUCT_NAME = "$(TARGET_NAME)";
				SDKROOT = macosx;
				SWIFT_EMIT_LOC_STRINGS = NO;
				SWIFT_VERSION = 5.0;
				TEST_TARGET_NAME = "StocksAppV2 (macOS)";
			};
			name = Release;
		};
/* End XCBuildConfiguration section */

/* Begin XCConfigurationList section */
		9EA1584828467F710005A3FC /* Build configuration list for PBXProject "StocksAppV2" */ = {
			isa = XCConfigurationList;
			buildConfigurations = (
				9EA1587828467F720005A3FC /* Debug */,
				9EA1587928467F720005A3FC /* Release */,
			);
			defaultConfigurationIsVisible = 0;
			defaultConfigurationName = Release;
		};
		9EA1587A28467F720005A3FC /* Build configuration list for PBXNativeTarget "StocksAppV2 (iOS)" */ = {
			isa = XCConfigurationList;
			buildConfigurations = (
				9EA1587B28467F720005A3FC /* Debug */,
				9EA1587C28467F720005A3FC /* Release */,
			);
			defaultConfigurationIsVisible = 0;
			defaultConfigurationName = Release;
		};
		9EA1587D28467F720005A3FC /* Build configuration list for PBXNativeTarget "StocksAppV2 (macOS)" */ = {
			isa = XCConfigurationList;
			buildConfigurations = (
				9EA1587E28467F720005A3FC /* Debug */,
				9EA1587F28467F720005A3FC /* Release */,
			);
			defaultConfigurationIsVisible = 0;
			defaultConfigurationName = Release;
		};
		9EA1588028467F720005A3FC /* Build configuration list for PBXNativeTarget "Tests iOS" */ = {
			isa = XCConfigurationList;
			buildConfigurations = (
				9EA1588128467F720005A3FC /* Debug */,
				9EA1588228467F720005A3FC /* Release */,
			);
			defaultConfigurationIsVisible = 0;
			defaultConfigurationName = Release;
		};
		9EA1588328467F720005A3FC /* Build configuration list for PBXNativeTarget "Tests macOS" */ = {
			isa = XCConfigurationList;
			buildConfigurations = (
				9EA1588428467F720005A3FC /* Debug */,
				9EA1588528467F720005A3FC /* Release */,
			);
			defaultConfigurationIsVisible = 0;
			defaultConfigurationName = Release;
		};
/* End XCConfigurationList section */

/* Begin XCRemoteSwiftPackageReference section */
		9EA158D22846822E0005A3FC /* XCRemoteSwiftPackageReference "BetterSafariView" */ = {
			isa = XCRemoteSwiftPackageReference;
			repositoryURL = "https://github.com/stleamist/BetterSafariView.git";
			requirement = {
				branch = main;
				kind = branch;
			};
		};
/* End XCRemoteSwiftPackageReference section */

/* Begin XCSwiftPackageProductDependency section */
		9EA158D32846822E0005A3FC /* BetterSafariView */ = {
			isa = XCSwiftPackageProductDependency;
			package = 9EA158D22846822E0005A3FC /* XCRemoteSwiftPackageReference "BetterSafariView" */;
			productName = BetterSafariView;
		};
/* End XCSwiftPackageProductDependency section */
	};
	rootObject = 9EA1584528467F710005A3FC /* Project object */;
}
